// !$*UTF8*$!
{
	archiveVersion = 1;
	classes = {
	};
	objectVersion = 46;
	objects = {

/* Begin PBXBuildFile section */
		CB33738EB39FC6CB15F22524 /* Pods_convectorTests.framework in Frameworks */ = {isa = PBXBuildFile; fileRef = 52D18191B4A5FEBF2029722D /* Pods_convectorTests.framework */; };
		D030880A17A4A0A995749E39 /* Pods_convectorUITests.framework in Frameworks */ = {isa = PBXBuildFile; fileRef = 786A5A30E0A64EEE29E79D41 /* Pods_convectorUITests.framework */; };
		EB06734C1DD5EB8F00D18874 /* UnitsTableViewController.swift in Sources */ = {isa = PBXBuildFile; fileRef = EB06734B1DD5EB8F00D18874 /* UnitsTableViewController.swift */; };
		EB5091361DD51C7700641DD8 /* LaunchScreen.storyboard in Resources */ = {isa = PBXBuildFile; fileRef = EB5091321DD51C7700641DD8 /* LaunchScreen.storyboard */; };
		EB996EBB1DD6022500E20E60 /* Main.storyboard in Resources */ = {isa = PBXBuildFile; fileRef = EB996EB91DD6022500E20E60 /* Main.storyboard */; };
		EBE496591E071E07007E8AD8 /* SaveUnits.swift in Sources */ = {isa = PBXBuildFile; fileRef = EBE496581E071E07007E8AD8 /* SaveUnits.swift */; };
		EBEF52211DF9663A008DA9FF /* ServerError.swift in Sources */ = {isa = PBXBuildFile; fileRef = EBEF52201DF9663A008DA9FF /* ServerError.swift */; };
		EBEF52251DF9669A008DA9FF /* WebClient.swift in Sources */ = {isa = PBXBuildFile; fileRef = EBEF52241DF9669A008DA9FF /* WebClient.swift */; };
		EBEF52271DF9675D008DA9FF /* Reachability.swift in Sources */ = {isa = PBXBuildFile; fileRef = EBEF52261DF9675D008DA9FF /* Reachability.swift */; };
		EBEF522C1DF96892008DA9FF /* MCurrency.swift in Sources */ = {isa = PBXBuildFile; fileRef = EBEF522B1DF96892008DA9FF /* MCurrency.swift */; };
		EBEF52301DF98E8E008DA9FF /* TableViewCell.swift in Sources */ = {isa = PBXBuildFile; fileRef = EBEF522F1DF98E8E008DA9FF /* TableViewCell.swift */; };
		EBF312111DD3152C00DF265F /* AppDelegate.swift in Sources */ = {isa = PBXBuildFile; fileRef = EBF312101DD3152C00DF265F /* AppDelegate.swift */; };
		EBF312131DD3152C00DF265F /* ViewController.swift in Sources */ = {isa = PBXBuildFile; fileRef = EBF312121DD3152C00DF265F /* ViewController.swift */; };
		EBF312191DD3152C00DF265F /* convector.xcdatamodeld in Sources */ = {isa = PBXBuildFile; fileRef = EBF312171DD3152C00DF265F /* convector.xcdatamodeld */; };
		EBF3121B1DD3152C00DF265F /* Assets.xcassets in Resources */ = {isa = PBXBuildFile; fileRef = EBF3121A1DD3152C00DF265F /* Assets.xcassets */; };
		EBF3121E1DD3152C00DF265F /* LaunchScreen.storyboard in Resources */ = {isa = PBXBuildFile; fileRef = EBF3121C1DD3152C00DF265F /* LaunchScreen.storyboard */; };
		EBF312291DD3152C00DF265F /* convectorTests.swift in Sources */ = {isa = PBXBuildFile; fileRef = EBF312281DD3152C00DF265F /* convectorTests.swift */; };
		EBF312341DD3152C00DF265F /* convectorUITests.swift in Sources */ = {isa = PBXBuildFile; fileRef = EBF312331DD3152C00DF265F /* convectorUITests.swift */; };
		FA0B2193E572B7711AA609B2 /* Pods_convector.framework in Frameworks */ = {isa = PBXBuildFile; fileRef = D89B581EEA8610101E19FD9F /* Pods_convector.framework */; };
/* End PBXBuildFile section */

/* Begin PBXContainerItemProxy section */
		EBF312251DD3152C00DF265F /* PBXContainerItemProxy */ = {
			isa = PBXContainerItemProxy;
			containerPortal = EBF312051DD3152B00DF265F /* Project object */;
			proxyType = 1;
			remoteGlobalIDString = EBF3120C1DD3152B00DF265F;
			remoteInfo = convector;
		};
		EBF312301DD3152C00DF265F /* PBXContainerItemProxy */ = {
			isa = PBXContainerItemProxy;
			containerPortal = EBF312051DD3152B00DF265F /* Project object */;
			proxyType = 1;
			remoteGlobalIDString = EBF3120C1DD3152B00DF265F;
			remoteInfo = convector;
		};
/* End PBXContainerItemProxy section */

/* Begin PBXFileReference section */
		4EA4C51DF917D0051C9DE047 /* Pods-convectorTests.release.xcconfig */ = {isa = PBXFileReference; includeInIndex = 1; lastKnownFileType = text.xcconfig; name = "Pods-convectorTests.release.xcconfig"; path = "Pods/Target Support Files/Pods-convectorTests/Pods-convectorTests.release.xcconfig"; sourceTree = "<group>"; };
		52D18191B4A5FEBF2029722D /* Pods_convectorTests.framework */ = {isa = PBXFileReference; explicitFileType = wrapper.framework; includeInIndex = 0; path = Pods_convectorTests.framework; sourceTree = BUILT_PRODUCTS_DIR; };
		6DE7241C2A3140422B2D70A9 /* Pods-convector.debug.xcconfig */ = {isa = PBXFileReference; includeInIndex = 1; lastKnownFileType = text.xcconfig; name = "Pods-convector.debug.xcconfig"; path = "Pods/Target Support Files/Pods-convector/Pods-convector.debug.xcconfig"; sourceTree = "<group>"; };
		73099B094600D369811ECF6A /* Pods-convectorTests.debug.xcconfig */ = {isa = PBXFileReference; includeInIndex = 1; lastKnownFileType = text.xcconfig; name = "Pods-convectorTests.debug.xcconfig"; path = "Pods/Target Support Files/Pods-convectorTests/Pods-convectorTests.debug.xcconfig"; sourceTree = "<group>"; };
		786A5A30E0A64EEE29E79D41 /* Pods_convectorUITests.framework */ = {isa = PBXFileReference; explicitFileType = wrapper.framework; includeInIndex = 0; path = Pods_convectorUITests.framework; sourceTree = BUILT_PRODUCTS_DIR; };
		87ACBE0386093A9FC0EE7B5F /* Pods-convectorUITests.release.xcconfig */ = {isa = PBXFileReference; includeInIndex = 1; lastKnownFileType = text.xcconfig; name = "Pods-convectorUITests.release.xcconfig"; path = "Pods/Target Support Files/Pods-convectorUITests/Pods-convectorUITests.release.xcconfig"; sourceTree = "<group>"; };
		8AC0B364F2C5F97ED7080DE3 /* Pods-convectorUITests.debug.xcconfig */ = {isa = PBXFileReference; includeInIndex = 1; lastKnownFileType = text.xcconfig; name = "Pods-convectorUITests.debug.xcconfig"; path = "Pods/Target Support Files/Pods-convectorUITests/Pods-convectorUITests.debug.xcconfig"; sourceTree = "<group>"; };
		C7A1754AD3FE8DA8F64E18CF /* Pods-convector.release.xcconfig */ = {isa = PBXFileReference; includeInIndex = 1; lastKnownFileType = text.xcconfig; name = "Pods-convector.release.xcconfig"; path = "Pods/Target Support Files/Pods-convector/Pods-convector.release.xcconfig"; sourceTree = "<group>"; };
		D89B581EEA8610101E19FD9F /* Pods_convector.framework */ = {isa = PBXFileReference; explicitFileType = wrapper.framework; includeInIndex = 0; path = Pods_convector.framework; sourceTree = BUILT_PRODUCTS_DIR; };
		EB06734B1DD5EB8F00D18874 /* UnitsTableViewController.swift */ = {isa = PBXFileReference; fileEncoding = 4; lastKnownFileType = sourcecode.swift; path = UnitsTableViewController.swift; sourceTree = "<group>"; };
		EB5091331DD51C7700641DD8 /* Base */ = {isa = PBXFileReference; lastKnownFileType = file.storyboard; name = Base; path = Base.lproj/LaunchScreen.storyboard; sourceTree = "<group>"; };
		EB996EBA1DD6022500E20E60 /* Base */ = {isa = PBXFileReference; lastKnownFileType = file.storyboard; name = Base; path = Base.lproj/Main.storyboard; sourceTree = "<group>"; };
		EBE496581E071E07007E8AD8 /* SaveUnits.swift */ = {isa = PBXFileReference; fileEncoding = 4; lastKnownFileType = sourcecode.swift; path = SaveUnits.swift; sourceTree = "<group>"; };
		EBEF52201DF9663A008DA9FF /* ServerError.swift */ = {isa = PBXFileReference; fileEncoding = 4; lastKnownFileType = sourcecode.swift; path = ServerError.swift; sourceTree = "<group>"; };
		EBEF52241DF9669A008DA9FF /* WebClient.swift */ = {isa = PBXFileReference; fileEncoding = 4; lastKnownFileType = sourcecode.swift; path = WebClient.swift; sourceTree = "<group>"; };
		EBEF52261DF9675D008DA9FF /* Reachability.swift */ = {isa = PBXFileReference; fileEncoding = 4; lastKnownFileType = sourcecode.swift; path = Reachability.swift; sourceTree = "<group>"; };
		EBEF522B1DF96892008DA9FF /* MCurrency.swift */ = {isa = PBXFileReference; fileEncoding = 4; lastKnownFileType = sourcecode.swift; path = MCurrency.swift; sourceTree = "<group>"; };
		EBEF522F1DF98E8E008DA9FF /* TableViewCell.swift */ = {isa = PBXFileReference; fileEncoding = 4; lastKnownFileType = sourcecode.swift; path = TableViewCell.swift; sourceTree = "<group>"; };
		EBF3120D1DD3152B00DF265F /* convector.app */ = {isa = PBXFileReference; explicitFileType = wrapper.application; includeInIndex = 0; path = convector.app; sourceTree = BUILT_PRODUCTS_DIR; };
		EBF312101DD3152C00DF265F /* AppDelegate.swift */ = {isa = PBXFileReference; lastKnownFileType = sourcecode.swift; path = AppDelegate.swift; sourceTree = "<group>"; };
		EBF312121DD3152C00DF265F /* ViewController.swift */ = {isa = PBXFileReference; lastKnownFileType = sourcecode.swift; path = ViewController.swift; sourceTree = "<group>"; };
		EBF312181DD3152C00DF265F /* convector.xcdatamodel */ = {isa = PBXFileReference; lastKnownFileType = wrapper.xcdatamodel; path = convector.xcdatamodel; sourceTree = "<group>"; };
		EBF3121A1DD3152C00DF265F /* Assets.xcassets */ = {isa = PBXFileReference; lastKnownFileType = folder.assetcatalog; path = Assets.xcassets; sourceTree = "<group>"; };
		EBF3121D1DD3152C00DF265F /* Base */ = {isa = PBXFileReference; lastKnownFileType = file.storyboard; name = Base; path = Base.lproj/LaunchScreen.storyboard; sourceTree = "<group>"; };
		EBF3121F1DD3152C00DF265F /* Info.plist */ = {isa = PBXFileReference; lastKnownFileType = text.plist.xml; path = Info.plist; sourceTree = "<group>"; };
		EBF312241DD3152C00DF265F /* convectorTests.xctest */ = {isa = PBXFileReference; explicitFileType = wrapper.cfbundle; includeInIndex = 0; path = convectorTests.xctest; sourceTree = BUILT_PRODUCTS_DIR; };
		EBF312281DD3152C00DF265F /* convectorTests.swift */ = {isa = PBXFileReference; lastKnownFileType = sourcecode.swift; path = convectorTests.swift; sourceTree = "<group>"; };
		EBF3122A1DD3152C00DF265F /* Info.plist */ = {isa = PBXFileReference; lastKnownFileType = text.plist.xml; path = Info.plist; sourceTree = "<group>"; };
		EBF3122F1DD3152C00DF265F /* convectorUITests.xctest */ = {isa = PBXFileReference; explicitFileType = wrapper.cfbundle; includeInIndex = 0; path = convectorUITests.xctest; sourceTree = BUILT_PRODUCTS_DIR; };
		EBF312331DD3152C00DF265F /* convectorUITests.swift */ = {isa = PBXFileReference; lastKnownFileType = sourcecode.swift; path = convectorUITests.swift; sourceTree = "<group>"; };
		EBF312351DD3152C00DF265F /* Info.plist */ = {isa = PBXFileReference; lastKnownFileType = text.plist.xml; path = Info.plist; sourceTree = "<group>"; };
/* End PBXFileReference section */

/* Begin PBXFrameworksBuildPhase section */
		EBF3120A1DD3152B00DF265F /* Frameworks */ = {
			isa = PBXFrameworksBuildPhase;
			buildActionMask = 2147483647;
			files = (
				FA0B2193E572B7711AA609B2 /* Pods_convector.framework in Frameworks */,
			);
			runOnlyForDeploymentPostprocessing = 0;
		};
		EBF312211DD3152C00DF265F /* Frameworks */ = {
			isa = PBXFrameworksBuildPhase;
			buildActionMask = 2147483647;
			files = (
				CB33738EB39FC6CB15F22524 /* Pods_convectorTests.framework in Frameworks */,
			);
			runOnlyForDeploymentPostprocessing = 0;
		};
		EBF3122C1DD3152C00DF265F /* Frameworks */ = {
			isa = PBXFrameworksBuildPhase;
			buildActionMask = 2147483647;
			files = (
				D030880A17A4A0A995749E39 /* Pods_convectorUITests.framework in Frameworks */,
			);
			runOnlyForDeploymentPostprocessing = 0;
		};
/* End PBXFrameworksBuildPhase section */

/* Begin PBXGroup section */
		5B4A32F2680CB49D5485EB81 /* Pods */ = {
			isa = PBXGroup;
			children = (
				D3AD524FD8B4DDFA360EA7E7 /* Frameworks */,
				6DE7241C2A3140422B2D70A9 /* Pods-convector.debug.xcconfig */,
				C7A1754AD3FE8DA8F64E18CF /* Pods-convector.release.xcconfig */,
				73099B094600D369811ECF6A /* Pods-convectorTests.debug.xcconfig */,
				4EA4C51DF917D0051C9DE047 /* Pods-convectorTests.release.xcconfig */,
				8AC0B364F2C5F97ED7080DE3 /* Pods-convectorUITests.debug.xcconfig */,
				87ACBE0386093A9FC0EE7B5F /* Pods-convectorUITests.release.xcconfig */,
			);
			name = Pods;
			sourceTree = "<group>";
		};
		D3AD524FD8B4DDFA360EA7E7 /* Frameworks */ = {
			isa = PBXGroup;
			children = (
				D89B581EEA8610101E19FD9F /* Pods_convector.framework */,
				52D18191B4A5FEBF2029722D /* Pods_convectorTests.framework */,
				786A5A30E0A64EEE29E79D41 /* Pods_convectorUITests.framework */,
			);
			name = Frameworks;
			sourceTree = "<group>";
		};
		EB2AF6321DED950A0006FFC9 /* Model */ = {
			isa = PBXGroup;
			children = (
				EBEF52201DF9663A008DA9FF /* ServerError.swift */,
				EBEF522B1DF96892008DA9FF /* MCurrency.swift */,
			);
			name = Model;
			sourceTree = "<group>";
		};
		EB4F081E1DF88079002B226E /* VIew */ = {
			isa = PBXGroup;
			children = (
				EB4F08201DF88092002B226E /* Table View */,
				EBF312121DD3152C00DF265F /* ViewController.swift */,
			);
			name = VIew;
			sourceTree = "<group>";
		};
		EB4F08201DF88092002B226E /* Table View */ = {
			isa = PBXGroup;
			children = (
				EB06734B1DD5EB8F00D18874 /* UnitsTableViewController.swift */,
				EBEF522F1DF98E8E008DA9FF /* TableViewCell.swift */,
			);
			name = "Table View";
			sourceTree = "<group>";
		};
		EBE496551E07155A007E8AD8 /* Delegat */ = {
			isa = PBXGroup;
			children = (
				EBF312101DD3152C00DF265F /* AppDelegate.swift */,
				EBE496581E071E07007E8AD8 /* SaveUnits.swift */,
			);
			name = Delegat;
			sourceTree = "<group>";
		};
		EBEF52231DF9667A008DA9FF /* Networking */ = {
			isa = PBXGroup;
			children = (
				EBEF52241DF9669A008DA9FF /* WebClient.swift */,
				EBEF52261DF9675D008DA9FF /* Reachability.swift */,
			);
			name = Networking;
			sourceTree = "<group>";
		};
		EBF312041DD3152B00DF265F = {
			isa = PBXGroup;
			children = (
				EBF3120F1DD3152B00DF265F /* convector */,
				EBF312271DD3152C00DF265F /* convectorTests */,
				EBF3120E1DD3152B00DF265F /* Products */,
				5B4A32F2680CB49D5485EB81 /* Pods */,
			);
			sourceTree = "<group>";
		};
		EBF3120E1DD3152B00DF265F /* Products */ = {
			isa = PBXGroup;
			children = (
				EBF3120D1DD3152B00DF265F /* convector.app */,
				EBF312241DD3152C00DF265F /* convectorTests.xctest */,
				EBF3122F1DD3152C00DF265F /* convectorUITests.xctest */,
			);
			name = Products;
			sourceTree = "<group>";
		};
		EBF3120F1DD3152B00DF265F /* convector */ = {
			isa = PBXGroup;
			children = (
				EBE496551E07155A007E8AD8 /* Delegat */,
				EBEF52231DF9667A008DA9FF /* Networking */,
				EB4F081E1DF88079002B226E /* VIew */,
				EB2AF6321DED950A0006FFC9 /* Model */,
				EBF3121A1DD3152C00DF265F /* Assets.xcassets */,
				EBF3121F1DD3152C00DF265F /* Info.plist */,
				EBF312171DD3152C00DF265F /* convector.xcdatamodeld */,
				EB5091321DD51C7700641DD8 /* LaunchScreen.storyboard */,
				EB996EB91DD6022500E20E60 /* Main.storyboard */,
			);
			path = convector;
			sourceTree = "<group>";
		};
		EBF312271DD3152C00DF265F /* convectorTests */ = {
			isa = PBXGroup;
			children = (
				EBF3121C1DD3152C00DF265F /* LaunchScreen.storyboard */,
				EBF312321DD3152C00DF265F /* convectorUITests */,
				EBF312281DD3152C00DF265F /* convectorTests.swift */,
				EBF3122A1DD3152C00DF265F /* Info.plist */,
			);
			path = convectorTests;
			sourceTree = "<group>";
		};
		EBF312321DD3152C00DF265F /* convectorUITests */ = {
			isa = PBXGroup;
			children = (
				EBF312331DD3152C00DF265F /* convectorUITests.swift */,
				EBF312351DD3152C00DF265F /* Info.plist */,
			);
			name = convectorUITests;
			path = ../convectorUITests;
			sourceTree = "<group>";
		};
/* End PBXGroup section */

/* Begin PBXNativeTarget section */
		EBF3120C1DD3152B00DF265F /* convector */ = {
			isa = PBXNativeTarget;
			buildConfigurationList = EBF312381DD3152C00DF265F /* Build configuration list for PBXNativeTarget "convector" */;
			buildPhases = (
				6BD738507BAB52923CE035BC /* [CP] Check Pods Manifest.lock */,
				EBF312091DD3152B00DF265F /* Sources */,
				EBF3120A1DD3152B00DF265F /* Frameworks */,
				EBF3120B1DD3152B00DF265F /* Resources */,
				AD606A59D445FBE9BCC6A86B /* [CP] Embed Pods Frameworks */,
				8821ADB3C9C941383568CB67 /* [CP] Copy Pods Resources */,
			);
			buildRules = (
			);
			dependencies = (
			);
			name = convector;
			productName = convector;
			productReference = EBF3120D1DD3152B00DF265F /* convector.app */;
			productType = "com.apple.product-type.application";
		};
		EBF312231DD3152C00DF265F /* convectorTests */ = {
			isa = PBXNativeTarget;
			buildConfigurationList = EBF3123B1DD3152C00DF265F /* Build configuration list for PBXNativeTarget "convectorTests" */;
			buildPhases = (
				E5DACCABFA3CF23FBF8B38C8 /* [CP] Check Pods Manifest.lock */,
				EBF312201DD3152C00DF265F /* Sources */,
				EBF312211DD3152C00DF265F /* Frameworks */,
				EBF312221DD3152C00DF265F /* Resources */,
				3192B5CF84BD4148C999062E /* [CP] Embed Pods Frameworks */,
				ABE7C9E94862E7359B7CDE32 /* [CP] Copy Pods Resources */,
			);
			buildRules = (
			);
			dependencies = (
				EBF312261DD3152C00DF265F /* PBXTargetDependency */,
			);
			name = convectorTests;
			productName = convectorTests;
			productReference = EBF312241DD3152C00DF265F /* convectorTests.xctest */;
			productType = "com.apple.product-type.bundle.unit-test";
		};
		EBF3122E1DD3152C00DF265F /* convectorUITests */ = {
			isa = PBXNativeTarget;
			buildConfigurationList = EBF3123E1DD3152C00DF265F /* Build configuration list for PBXNativeTarget "convectorUITests" */;
			buildPhases = (
				5736107E385456B402987395 /* [CP] Check Pods Manifest.lock */,
				EBF3122B1DD3152C00DF265F /* Sources */,
				EBF3122C1DD3152C00DF265F /* Frameworks */,
				EBF3122D1DD3152C00DF265F /* Resources */,
				ABCF9031BDC5474CB364570B /* [CP] Embed Pods Frameworks */,
				DE0E0ACDACC94E6350F28A03 /* [CP] Copy Pods Resources */,
			);
			buildRules = (
			);
			dependencies = (
				EBF312311DD3152C00DF265F /* PBXTargetDependency */,
			);
			name = convectorUITests;
			productName = convectorUITests;
			productReference = EBF3122F1DD3152C00DF265F /* convectorUITests.xctest */;
			productType = "com.apple.product-type.bundle.ui-testing";
		};
/* End PBXNativeTarget section */

/* Begin PBXProject section */
		EBF312051DD3152B00DF265F /* Project object */ = {
			isa = PBXProject;
			attributes = {
				LastSwiftUpdateCheck = 0800;
				LastUpgradeCheck = 0820;
				ORGANIZATIONNAME = Kolya;
				TargetAttributes = {
					EBF3120C1DD3152B00DF265F = {
						CreatedOnToolsVersion = 8.0;
						DevelopmentTeam = QBS7A4VQCM;
						ProvisioningStyle = Automatic;
					};
					EBF312231DD3152C00DF265F = {
						CreatedOnToolsVersion = 8.0;
						DevelopmentTeam = QBS7A4VQCM;
						ProvisioningStyle = Automatic;
						TestTargetID = EBF3120C1DD3152B00DF265F;
					};
					EBF3122E1DD3152C00DF265F = {
						CreatedOnToolsVersion = 8.0;
						DevelopmentTeam = QBS7A4VQCM;
						ProvisioningStyle = Automatic;
						TestTargetID = EBF3120C1DD3152B00DF265F;
					};
				};
			};
			buildConfigurationList = EBF312081DD3152B00DF265F /* Build configuration list for PBXProject "convector" */;
			compatibilityVersion = "Xcode 3.2";
			developmentRegion = English;
			hasScannedForEncodings = 0;
			knownRegions = (
				en,
				Base,
			);
			mainGroup = EBF312041DD3152B00DF265F;
			productRefGroup = EBF3120E1DD3152B00DF265F /* Products */;
			projectDirPath = "";
			projectRoot = "";
			targets = (
				EBF3120C1DD3152B00DF265F /* convector */,
				EBF312231DD3152C00DF265F /* convectorTests */,
				EBF3122E1DD3152C00DF265F /* convectorUITests */,
			);
		};
/* End PBXProject section */

/* Begin PBXResourcesBuildPhase section */
		EBF3120B1DD3152B00DF265F /* Resources */ = {
			isa = PBXResourcesBuildPhase;
			buildActionMask = 2147483647;
			files = (
				EBF3121E1DD3152C00DF265F /* LaunchScreen.storyboard in Resources */,
				EBF3121B1DD3152C00DF265F /* Assets.xcassets in Resources */,
				EB996EBB1DD6022500E20E60 /* Main.storyboard in Resources */,
				EB5091361DD51C7700641DD8 /* LaunchScreen.storyboard in Resources */,
			);
			runOnlyForDeploymentPostprocessing = 0;
		};
		EBF312221DD3152C00DF265F /* Resources */ = {
			isa = PBXResourcesBuildPhase;
			buildActionMask = 2147483647;
			files = (
			);
			runOnlyForDeploymentPostprocessing = 0;
		};
		EBF3122D1DD3152C00DF265F /* Resources */ = {
			isa = PBXResourcesBuildPhase;
			buildActionMask = 2147483647;
			files = (
			);
			runOnlyForDeploymentPostprocessing = 0;
		};
/* End PBXResourcesBuildPhase section */

/* Begin PBXShellScriptBuildPhase section */
		3192B5CF84BD4148C999062E /* [CP] Embed Pods Frameworks */ = {
			isa = PBXShellScriptBuildPhase;
			buildActionMask = 2147483647;
			files = (
			);
			inputPaths = (
			);
			name = "[CP] Embed Pods Frameworks";
			outputPaths = (
			);
			runOnlyForDeploymentPostprocessing = 0;
			shellPath = /bin/sh;
			shellScript = "\"${SRCROOT}/Pods/Target Support Files/Pods-convectorTests/Pods-convectorTests-frameworks.sh\"\n";
			showEnvVarsInLog = 0;
		};
		5736107E385456B402987395 /* [CP] Check Pods Manifest.lock */ = {
			isa = PBXShellScriptBuildPhase;
			buildActionMask = 2147483647;
			files = (
			);
			inputPaths = (
			);
			name = "[CP] Check Pods Manifest.lock";
			outputPaths = (
			);
			runOnlyForDeploymentPostprocessing = 0;
			shellPath = /bin/sh;
			shellScript = "diff \"${PODS_ROOT}/../Podfile.lock\" \"${PODS_ROOT}/Manifest.lock\" > /dev/null\nif [ $? != 0 ] ; then\n    # print error to STDERR\n    echo \"error: The sandbox is not in sync with the Podfile.lock. Run 'pod install' or update your CocoaPods installation.\" >&2\n    exit 1\nfi\n";
			showEnvVarsInLog = 0;
		};
		6BD738507BAB52923CE035BC /* [CP] Check Pods Manifest.lock */ = {
			isa = PBXShellScriptBuildPhase;
			buildActionMask = 2147483647;
			files = (
			);
			inputPaths = (
			);
			name = "[CP] Check Pods Manifest.lock";
			outputPaths = (
			);
			runOnlyForDeploymentPostprocessing = 0;
			shellPath = /bin/sh;
			shellScript = "diff \"${PODS_ROOT}/../Podfile.lock\" \"${PODS_ROOT}/Manifest.lock\" > /dev/null\nif [ $? != 0 ] ; then\n    # print error to STDERR\n    echo \"error: The sandbox is not in sync with the Podfile.lock. Run 'pod install' or update your CocoaPods installation.\" >&2\n    exit 1\nfi\n";
			showEnvVarsInLog = 0;
		};
		8821ADB3C9C941383568CB67 /* [CP] Copy Pods Resources */ = {
			isa = PBXShellScriptBuildPhase;
			buildActionMask = 2147483647;
			files = (
			);
			inputPaths = (
			);
			name = "[CP] Copy Pods Resources";
			outputPaths = (
			);
			runOnlyForDeploymentPostprocessing = 0;
			shellPath = /bin/sh;
			shellScript = "\"${SRCROOT}/Pods/Target Support Files/Pods-convector/Pods-convector-resources.sh\"\n";
			showEnvVarsInLog = 0;
		};
		ABCF9031BDC5474CB364570B /* [CP] Embed Pods Frameworks */ = {
			isa = PBXShellScriptBuildPhase;
			buildActionMask = 2147483647;
			files = (
			);
			inputPaths = (
			);
			name = "[CP] Embed Pods Frameworks";
			outputPaths = (
			);
			runOnlyForDeploymentPostprocessing = 0;
			shellPath = /bin/sh;
			shellScript = "\"${SRCROOT}/Pods/Target Support Files/Pods-convectorUITests/Pods-convectorUITests-frameworks.sh\"\n";
			showEnvVarsInLog = 0;
		};
		ABE7C9E94862E7359B7CDE32 /* [CP] Copy Pods Resources */ = {
			isa = PBXShellScriptBuildPhase;
			buildActionMask = 2147483647;
			files = (
			);
			inputPaths = (
			);
			name = "[CP] Copy Pods Resources";
			outputPaths = (
			);
			runOnlyForDeploymentPostprocessing = 0;
			shellPath = /bin/sh;
			shellScript = "\"${SRCROOT}/Pods/Target Support Files/Pods-convectorTests/Pods-convectorTests-resources.sh\"\n";
			showEnvVarsInLog = 0;
		};
		AD606A59D445FBE9BCC6A86B /* [CP] Embed Pods Frameworks */ = {
			isa = PBXShellScriptBuildPhase;
			buildActionMask = 2147483647;
			files = (
			);
			inputPaths = (
			);
			name = "[CP] Embed Pods Frameworks";
			outputPaths = (
			);
			runOnlyForDeploymentPostprocessing = 0;
			shellPath = /bin/sh;
			shellScript = "\"${SRCROOT}/Pods/Target Support Files/Pods-convector/Pods-convector-frameworks.sh\"\n";
			showEnvVarsInLog = 0;
		};
		DE0E0ACDACC94E6350F28A03 /* [CP] Copy Pods Resources */ = {
			isa = PBXShellScriptBuildPhase;
			buildActionMask = 2147483647;
			files = (
			);
			inputPaths = (
			);
			name = "[CP] Copy Pods Resources";
			outputPaths = (
			);
			runOnlyForDeploymentPostprocessing = 0;
			shellPath = /bin/sh;
			shellScript = "\"${SRCROOT}/Pods/Target Support Files/Pods-convectorUITests/Pods-convectorUITests-resources.sh\"\n";
			showEnvVarsInLog = 0;
		};
		E5DACCABFA3CF23FBF8B38C8 /* [CP] Check Pods Manifest.lock */ = {
			isa = PBXShellScriptBuildPhase;
			buildActionMask = 2147483647;
			files = (
			);
			inputPaths = (
			);
			name = "[CP] Check Pods Manifest.lock";
			outputPaths = (
			);
			runOnlyForDeploymentPostprocessing = 0;
			shellPath = /bin/sh;
			shellScript = "diff \"${PODS_ROOT}/../Podfile.lock\" \"${PODS_ROOT}/Manifest.lock\" > /dev/null\nif [ $? != 0 ] ; then\n    # print error to STDERR\n    echo \"error: The sandbox is not in sync with the Podfile.lock. Run 'pod install' or update your CocoaPods installation.\" >&2\n    exit 1\nfi\n";
			showEnvVarsInLog = 0;
		};
/* End PBXShellScriptBuildPhase section */

/* Begin PBXSourcesBuildPhase section */
		EBF312091DD3152B00DF265F /* Sources */ = {
			isa = PBXSourcesBuildPhase;
			buildActionMask = 2147483647;
			files = (
				EB06734C1DD5EB8F00D18874 /* UnitsTableViewController.swift in Sources */,
				EBF312131DD3152C00DF265F /* ViewController.swift in Sources */,
				EBE496591E071E07007E8AD8 /* SaveUnits.swift in Sources */,
				EBF312191DD3152C00DF265F /* convector.xcdatamodeld in Sources */,
				EBEF52211DF9663A008DA9FF /* ServerError.swift in Sources */,
				EBEF52301DF98E8E008DA9FF /* TableViewCell.swift in Sources */,
				EBEF52271DF9675D008DA9FF /* Reachability.swift in Sources */,
				EBF312111DD3152C00DF265F /* AppDelegate.swift in Sources */,
				EBEF522C1DF96892008DA9FF /* MCurrency.swift in Sources */,
				EBEF52251DF9669A008DA9FF /* WebClient.swift in Sources */,
			);
			runOnlyForDeploymentPostprocessing = 0;
		};
		EBF312201DD3152C00DF265F /* Sources */ = {
			isa = PBXSourcesBuildPhase;
			buildActionMask = 2147483647;
			files = (
				EBF312291DD3152C00DF265F /* convectorTests.swift in Sources */,
			);
			runOnlyForDeploymentPostprocessing = 0;
		};
		EBF3122B1DD3152C00DF265F /* Sources */ = {
			isa = PBXSourcesBuildPhase;
			buildActionMask = 2147483647;
			files = (
				EBF312341DD3152C00DF265F /* convectorUITests.swift in Sources */,
			);
			runOnlyForDeploymentPostprocessing = 0;
		};
/* End PBXSourcesBuildPhase section */

/* Begin PBXTargetDependency section */
		EBF312261DD3152C00DF265F /* PBXTargetDependency */ = {
			isa = PBXTargetDependency;
			target = EBF3120C1DD3152B00DF265F /* convector */;
			targetProxy = EBF312251DD3152C00DF265F /* PBXContainerItemProxy */;
		};
		EBF312311DD3152C00DF265F /* PBXTargetDependency */ = {
			isa = PBXTargetDependency;
			target = EBF3120C1DD3152B00DF265F /* convector */;
			targetProxy = EBF312301DD3152C00DF265F /* PBXContainerItemProxy */;
		};
/* End PBXTargetDependency section */

/* Begin PBXVariantGroup section */
		EB5091321DD51C7700641DD8 /* LaunchScreen.storyboard */ = {
			isa = PBXVariantGroup;
			children = (
				EB5091331DD51C7700641DD8 /* Base */,
			);
			name = LaunchScreen.storyboard;
			sourceTree = "<group>";
		};
		EB996EB91DD6022500E20E60 /* Main.storyboard */ = {
			isa = PBXVariantGroup;
			children = (
				EB996EBA1DD6022500E20E60 /* Base */,
			);
			name = Main.storyboard;
			sourceTree = "<group>";
		};
		EBF3121C1DD3152C00DF265F /* LaunchScreen.storyboard */ = {
			isa = PBXVariantGroup;
			children = (
				EBF3121D1DD3152C00DF265F /* Base */,
			);
			name = LaunchScreen.storyboard;
			path = ../convector;
			sourceTree = "<group>";
		};
/* End PBXVariantGroup section */

/* Begin XCBuildConfiguration section */
		EBF312361DD3152C00DF265F /* Debug */ = {
			isa = XCBuildConfiguration;
			buildSettings = {
				ALWAYS_SEARCH_USER_PATHS = NO;
				CLANG_ANALYZER_NONNULL = YES;
				CLANG_CXX_LANGUAGE_STANDARD = "gnu++0x";
				CLANG_CXX_LIBRARY = "libc++";
				CLANG_ENABLE_MODULES = YES;
				CLANG_ENABLE_OBJC_ARC = YES;
				CLANG_WARN_BOOL_CONVERSION = YES;
				CLANG_WARN_CONSTANT_CONVERSION = YES;
				CLANG_WARN_DIRECT_OBJC_ISA_USAGE = YES_ERROR;
				CLANG_WARN_DOCUMENTATION_COMMENTS = YES;
				CLANG_WARN_EMPTY_BODY = YES;
				CLANG_WARN_ENUM_CONVERSION = YES;
				CLANG_WARN_INFINITE_RECURSION = YES;
				CLANG_WARN_INT_CONVERSION = YES;
				CLANG_WARN_OBJC_ROOT_CLASS = YES_ERROR;
				CLANG_WARN_SUSPICIOUS_MOVE = YES;
				CLANG_WARN_SUSPICIOUS_MOVES = YES;
				CLANG_WARN_UNREACHABLE_CODE = YES;
				CLANG_WARN__DUPLICATE_METHOD_MATCH = YES;
				"CODE_SIGN_IDENTITY[sdk=iphoneos*]" = "iPhone Developer";
				COPY_PHASE_STRIP = NO;
				DEBUG_INFORMATION_FORMAT = dwarf;
				ENABLE_STRICT_OBJC_MSGSEND = YES;
				ENABLE_TESTABILITY = YES;
				GCC_C_LANGUAGE_STANDARD = gnu99;
				GCC_DYNAMIC_NO_PIC = NO;
				GCC_NO_COMMON_BLOCKS = YES;
				GCC_OPTIMIZATION_LEVEL = 0;
				GCC_PREPROCESSOR_DEFINITIONS = (
					"DEBUG=1",
					"$(inherited)",
				);
				GCC_WARN_64_TO_32_BIT_CONVERSION = YES;
				GCC_WARN_ABOUT_RETURN_TYPE = YES_ERROR;
				GCC_WARN_UNDECLARED_SELECTOR = YES;
				GCC_WARN_UNINITIALIZED_AUTOS = YES_AGGRESSIVE;
				GCC_WARN_UNUSED_FUNCTION = YES;
				GCC_WARN_UNUSED_VARIABLE = YES;
				IPHONEOS_DEPLOYMENT_TARGET = 10.0;
				MTL_ENABLE_DEBUG_INFO = YES;
				ONLY_ACTIVE_ARCH = YES;
				SDKROOT = iphoneos;
				SWIFT_ACTIVE_COMPILATION_CONDITIONS = DEBUG;
				SWIFT_OPTIMIZATION_LEVEL = "-Onone";
				TARGETED_DEVICE_FAMILY = "1,2";
			};
			name = Debug;
		};
		EBF312371DD3152C00DF265F /* Release */ = {
			isa = XCBuildConfiguration;
			buildSettings = {
				ALWAYS_SEARCH_USER_PATHS = NO;
				CLANG_ANALYZER_NONNULL = YES;
				CLANG_CXX_LANGUAGE_STANDARD = "gnu++0x";
				CLANG_CXX_LIBRARY = "libc++";
				CLANG_ENABLE_MODULES = YES;
				CLANG_ENABLE_OBJC_ARC = YES;
				CLANG_WARN_BOOL_CONVERSION = YES;
				CLANG_WARN_CONSTANT_CONVERSION = YES;
				CLANG_WARN_DIRECT_OBJC_ISA_USAGE = YES_ERROR;
				CLANG_WARN_DOCUMENTATION_COMMENTS = YES;
				CLANG_WARN_EMPTY_BODY = YES;
				CLANG_WARN_ENUM_CONVERSION = YES;
				CLANG_WARN_INFINITE_RECURSION = YES;
				CLANG_WARN_INT_CONVERSION = YES;
				CLANG_WARN_OBJC_ROOT_CLASS = YES_ERROR;
				CLANG_WARN_SUSPICIOUS_MOVE = YES;
				CLANG_WARN_SUSPICIOUS_MOVES = YES;
				CLANG_WARN_UNREACHABLE_CODE = YES;
				CLANG_WARN__DUPLICATE_METHOD_MATCH = YES;
				"CODE_SIGN_IDENTITY[sdk=iphoneos*]" = "iPhone Developer";
				COPY_PHASE_STRIP = NO;
				DEBUG_INFORMATION_FORMAT = "dwarf-with-dsym";
				ENABLE_NS_ASSERTIONS = NO;
				ENABLE_STRICT_OBJC_MSGSEND = YES;
				GCC_C_LANGUAGE_STANDARD = gnu99;
				GCC_NO_COMMON_BLOCKS = YES;
				GCC_WARN_64_TO_32_BIT_CONVERSION = YES;
				GCC_WARN_ABOUT_RETURN_TYPE = YES_ERROR;
				GCC_WARN_UNDECLARED_SELECTOR = YES;
				GCC_WARN_UNINITIALIZED_AUTOS = YES_AGGRESSIVE;
				GCC_WARN_UNUSED_FUNCTION = YES;
				GCC_WARN_UNUSED_VARIABLE = YES;
				IPHONEOS_DEPLOYMENT_TARGET = 10.0;
				MTL_ENABLE_DEBUG_INFO = NO;
				SDKROOT = iphoneos;
				SWIFT_OPTIMIZATION_LEVEL = "-Owholemodule";
				TARGETED_DEVICE_FAMILY = "1,2";
				VALIDATE_PRODUCT = YES;
			};
			name = Release;
		};
		EBF312391DD3152C00DF265F /* Debug */ = {
			isa = XCBuildConfiguration;
			baseConfigurationReference = 6DE7241C2A3140422B2D70A9 /* Pods-convector.debug.xcconfig */;
			buildSettings = {
				ALWAYS_EMBED_SWIFT_STANDARD_LIBRARIES = YES;
				ASSETCATALOG_COMPILER_APPICON_NAME = AppIcon;
				DEVELOPMENT_TEAM = QBS7A4VQCM;
				INFOPLIST_FILE = convector/Info.plist;
				LD_RUNPATH_SEARCH_PATHS = "$(inherited) @executable_path/Frameworks";
				PRODUCT_BUNDLE_IDENTIFIER = kolya.convector;
				PRODUCT_NAME = "$(TARGET_NAME)";
				SWIFT_VERSION = 3.0;
			};
			name = Debug;
		};
		EBF3123A1DD3152C00DF265F /* Release */ = {
			isa = XCBuildConfiguration;
			baseConfigurationReference = C7A1754AD3FE8DA8F64E18CF /* Pods-convector.release.xcconfig */;
			buildSettings = {
				ALWAYS_EMBED_SWIFT_STANDARD_LIBRARIES = YES;
				ASSETCATALOG_COMPILER_APPICON_NAME = AppIcon;
				DEVELOPMENT_TEAM = QBS7A4VQCM;
				INFOPLIST_FILE = convector/Info.plist;
				LD_RUNPATH_SEARCH_PATHS = "$(inherited) @executable_path/Frameworks";
				PRODUCT_BUNDLE_IDENTIFIER = kolya.convector;
				PRODUCT_NAME = "$(TARGET_NAME)";
				SWIFT_VERSION = 3.0;
			};
			name = Release;
		};
		EBF3123C1DD3152C00DF265F /* Debug */ = {
			isa = XCBuildConfiguration;
			baseConfigurationReference = 73099B094600D369811ECF6A /* Pods-convectorTests.debug.xcconfig */;
			buildSettings = {
				ALWAYS_EMBED_SWIFT_STANDARD_LIBRARIES = YES;
				BUNDLE_LOADER = "$(TEST_HOST)";
				DEVELOPMENT_TEAM = QBS7A4VQCM;
				INFOPLIST_FILE = convectorTests/Info.plist;
				LD_RUNPATH_SEARCH_PATHS = "$(inherited) @executable_path/Frameworks @loader_path/Frameworks";
				PRODUCT_BUNDLE_IDENTIFIER = kolya.convectorTests;
				PRODUCT_NAME = "$(TARGET_NAME)";
				SWIFT_VERSION = 3.0;
				TEST_HOST = "$(BUILT_PRODUCTS_DIR)/convector.app/convector";
			};
			name = Debug;
		};
		EBF3123D1DD3152C00DF265F /* Release */ = {
			isa = XCBuildConfiguration;
			baseConfigurationReference = 4EA4C51DF917D0051C9DE047 /* Pods-convectorTests.release.xcconfig */;
			buildSettings = {
				ALWAYS_EMBED_SWIFT_STANDARD_LIBRARIES = YES;
				BUNDLE_LOADER = "$(TEST_HOST)";
				DEVELOPMENT_TEAM = QBS7A4VQCM;
				INFOPLIST_FILE = convectorTests/Info.plist;
				LD_RUNPATH_SEARCH_PATHS = "$(inherited) @executable_path/Frameworks @loader_path/Frameworks";
				PRODUCT_BUNDLE_IDENTIFIER = kolya.convectorTests;
				PRODUCT_NAME = "$(TARGET_NAME)";
				SWIFT_VERSION = 3.0;
				TEST_HOST = "$(BUILT_PRODUCTS_DIR)/convector.app/convector";
			};
			name = Release;
		};
		EBF3123F1DD3152C00DF265F /* Debug */ = {
			isa = XCBuildConfiguration;
			baseConfigurationReference = 8AC0B364F2C5F97ED7080DE3 /* Pods-convectorUITests.debug.xcconfig */;
			buildSettings = {
				ALWAYS_EMBED_SWIFT_STANDARD_LIBRARIES = YES;
				DEVELOPMENT_TEAM = QBS7A4VQCM;
				INFOPLIST_FILE = convectorUITests/Info.plist;
				LD_RUNPATH_SEARCH_PATHS = "$(inherited) @executable_path/Frameworks @loader_path/Frameworks";
				PRODUCT_BUNDLE_IDENTIFIER = kolya.convectorUITests;
				PRODUCT_NAME = "$(TARGET_NAME)";
				SWIFT_VERSION = 3.0;
				TEST_TARGET_NAME = convector;
			};
			name = Debug;
		};
		EBF312401DD3152C00DF265F /* Release */ = {
			isa = XCBuildConfiguration;
			baseConfigurationReference = 87ACBE0386093A9FC0EE7B5F /* Pods-convectorUITests.release.xcconfig */;
			buildSettings = {
				ALWAYS_EMBED_SWIFT_STANDARD_LIBRARIES = YES;
				DEVELOPMENT_TEAM = QBS7A4VQCM;
				INFOPLIST_FILE = convectorUITests/Info.plist;
				LD_RUNPATH_SEARCH_PATHS = "$(inherited) @executable_path/Frameworks @loader_path/Frameworks";
				PRODUCT_BUNDLE_IDENTIFIER = kolya.convectorUITests;
				PRODUCT_NAME = "$(TARGET_NAME)";
				SWIFT_VERSION = 3.0;
				TEST_TARGET_NAME = convector;
			};
			name = Release;
		};
/* End XCBuildConfiguration section */

/* Begin XCConfigurationList section */
		EBF312081DD3152B00DF265F /* Build configuration list for PBXProject "convector" */ = {
			isa = XCConfigurationList;
			buildConfigurations = (
				EBF312361DD3152C00DF265F /* Debug */,
				EBF312371DD3152C00DF265F /* Release */,
			);
			defaultConfigurationIsVisible = 0;
			defaultConfigurationName = Release;
		};
		EBF312381DD3152C00DF265F /* Build configuration list for PBXNativeTarget "convector" */ = {
			isa = XCConfigurationList;
			buildConfigurations = (
				EBF312391DD3152C00DF265F /* Debug */,
				EBF3123A1DD3152C00DF265F /* Release */,
			);
			defaultConfigurationIsVisible = 0;
			defaultConfigurationName = Release;
		};
		EBF3123B1DD3152C00DF265F /* Build configuration list for PBXNativeTarget "convectorTests" */ = {
			isa = XCConfigurationList;
			buildConfigurations = (
				EBF3123C1DD3152C00DF265F /* Debug */,
				EBF3123D1DD3152C00DF265F /* Release */,
			);
			defaultConfigurationIsVisible = 0;
			defaultConfigurationName = Release;
		};
		EBF3123E1DD3152C00DF265F /* Build configuration list for PBXNativeTarget "convectorUITests" */ = {
			isa = XCConfigurationList;
			buildConfigurations = (
				EBF3123F1DD3152C00DF265F /* Debug */,
				EBF312401DD3152C00DF265F /* Release */,
			);
			defaultConfigurationIsVisible = 0;
			defaultConfigurationName = Release;
		};
/* End XCConfigurationList section */

/* Begin XCVersionGroup section */
		EBF312171DD3152C00DF265F /* convector.xcdatamodeld */ = {
			isa = XCVersionGroup;
			children = (
				EBF312181DD3152C00DF265F /* convector.xcdatamodel */,
			);
			currentVersion = EBF312181DD3152C00DF265F /* convector.xcdatamodel */;
			path = convector.xcdatamodeld;
			sourceTree = "<group>";
			versionGroupType = wrapper.xcdatamodel;
		};
/* End XCVersionGroup section */
	};
	rootObject = EBF312051DD3152B00DF265F /* Project object */;
}
